// !$*UTF8*$!
{
	archiveVersion = 1;
	classes = {
	};
	objectVersion = 77;
	objects = {

/* Begin PBXContainerItemProxy section */
		84160D032C8A1BF200390CA1 /* PBXContainerItemProxy */ = {
			isa = PBXContainerItemProxy;
			containerPortal = 84160CE82C8A1BF000390CA1 /* Project object */;
			proxyType = 1;
			remoteGlobalIDString = 84160CEF2C8A1BF000390CA1;
			remoteInfo = ticklist;
		};
		84160D0D2C8A1BF200390CA1 /* PBXContainerItemProxy */ = {
			isa = PBXContainerItemProxy;
			containerPortal = 84160CE82C8A1BF000390CA1 /* Project object */;
			proxyType = 1;
			remoteGlobalIDString = 84160CEF2C8A1BF000390CA1;
			remoteInfo = ticklist;
		};
/* End PBXContainerItemProxy section */

/* Begin PBXFileReference section */
		84160CF02C8A1BF000390CA1 /* ticklist.app */ = {isa = PBXFileReference; explicitFileType = wrapper.application; includeInIndex = 0; path = ticklist.app; sourceTree = BUILT_PRODUCTS_DIR; };
		84160D022C8A1BF200390CA1 /* ticklistTests.xctest */ = {isa = PBXFileReference; explicitFileType = wrapper.cfbundle; includeInIndex = 0; path = ticklistTests.xctest; sourceTree = BUILT_PRODUCTS_DIR; };
		84160D0C2C8A1BF200390CA1 /* ticklistUITests.xctest */ = {isa = PBXFileReference; explicitFileType = wrapper.cfbundle; includeInIndex = 0; path = ticklistUITests.xctest; sourceTree = BUILT_PRODUCTS_DIR; };
/* End PBXFileReference section */

/* Begin PBXFileSystemSynchronizedRootGroup section */
		84160CF22C8A1BF000390CA1 /* ticklist */ = {
			isa = PBXFileSystemSynchronizedRootGroup;
			path = ticklist;
			sourceTree = "<group>";
		};
		84160D052C8A1BF200390CA1 /* ticklistTests */ = {
			isa = PBXFileSystemSynchronizedRootGroup;
			path = ticklistTests;
			sourceTree = "<group>";
		};
		84160D0F2C8A1BF200390CA1 /* ticklistUITests */ = {
			isa = PBXFileSystemSynchronizedRootGroup;
			path = ticklistUITests;
			sourceTree = "<group>";
		};
/* End PBXFileSystemSynchronizedRootGroup section */

/* Begin PBXFrameworksBuildPhase section */
		84160CED2C8A1BF000390CA1 /* Frameworks */ = {
			isa = PBXFrameworksBuildPhase;
			buildActionMask = 2147483647;
			files = (
			);
			runOnlyForDeploymentPostprocessing = 0;
		};
		84160CFF2C8A1BF200390CA1 /* Frameworks */ = {
			isa = PBXFrameworksBuildPhase;
			buildActionMask = 2147483647;
			files = (
			);
			runOnlyForDeploymentPostprocessing = 0;
		};
		84160D092C8A1BF200390CA1 /* Frameworks */ = {
			isa = PBXFrameworksBuildPhase;
			buildActionMask = 2147483647;
			files = (
			);
			runOnlyForDeploymentPostprocessing = 0;
		};
/* End PBXFrameworksBuildPhase section */

/* Begin PBXGroup section */
		84160CE72C8A1BF000390CA1 = {
			isa = PBXGroup;
			children = (
				84160CF22C8A1BF000390CA1 /* ticklist */,
				84160D052C8A1BF200390CA1 /* ticklistTests */,
				84160D0F2C8A1BF200390CA1 /* ticklistUITests */,
				84160CF12C8A1BF000390CA1 /* Products */,
			);
			sourceTree = "<group>";
		};
		84160CF12C8A1BF000390CA1 /* Products */ = {
			isa = PBXGroup;
			children = (
				84160CF02C8A1BF000390CA1 /* ticklist.app */,
				84160D022C8A1BF200390CA1 /* ticklistTests.xctest */,
				84160D0C2C8A1BF200390CA1 /* ticklistUITests.xctest */,
			);
			name = Products;
			sourceTree = "<group>";
		};
/* End PBXGroup section */

/* Begin PBXNativeTarget section */
		84160CEF2C8A1BF000390CA1 /* ticklist */ = {
			isa = PBXNativeTarget;
			buildConfigurationList = 84160D162C8A1BF200390CA1 /* Build configuration list for PBXNativeTarget "ticklist" */;
			buildPhases = (
				84160CEC2C8A1BF000390CA1 /* Sources */,
				84160CED2C8A1BF000390CA1 /* Frameworks */,
				84160CEE2C8A1BF000390CA1 /* Resources */,
			);
			buildRules = (
			);
			dependencies = (
			);
			fileSystemSynchronizedGroups = (
				84160CF22C8A1BF000390CA1 /* ticklist */,
			);
			name = ticklist;
			packageProductDependencies = (
			);
			productName = ticklist;
			productReference = 84160CF02C8A1BF000390CA1 /* ticklist.app */;
			productType = "com.apple.product-type.application";
		};
		84160D012C8A1BF200390CA1 /* ticklistTests */ = {
			isa = PBXNativeTarget;
			buildConfigurationList = 84160D192C8A1BF200390CA1 /* Build configuration list for PBXNativeTarget "ticklistTests" */;
			buildPhases = (
				84160CFE2C8A1BF200390CA1 /* Sources */,
				84160CFF2C8A1BF200390CA1 /* Frameworks */,
				84160D002C8A1BF200390CA1 /* Resources */,
			);
			buildRules = (
			);
			dependencies = (
				84160D042C8A1BF200390CA1 /* PBXTargetDependency */,
			);
			fileSystemSynchronizedGroups = (
				84160D052C8A1BF200390CA1 /* ticklistTests */,
			);
			name = ticklistTests;
			packageProductDependencies = (
			);
			productName = ticklistTests;
			productReference = 84160D022C8A1BF200390CA1 /* ticklistTests.xctest */;
			productType = "com.apple.product-type.bundle.unit-test";
		};
		84160D0B2C8A1BF200390CA1 /* ticklistUITests */ = {
			isa = PBXNativeTarget;
			buildConfigurationList = 84160D1C2C8A1BF200390CA1 /* Build configuration list for PBXNativeTarget "ticklistUITests" */;
			buildPhases = (
				84160D082C8A1BF200390CA1 /* Sources */,
				84160D092C8A1BF200390CA1 /* Frameworks */,
				84160D0A2C8A1BF200390CA1 /* Resources */,
			);
			buildRules = (
			);
			dependencies = (
				84160D0E2C8A1BF200390CA1 /* PBXTargetDependency */,
			);
			fileSystemSynchronizedGroups = (
				84160D0F2C8A1BF200390CA1 /* ticklistUITests */,
			);
			name = ticklistUITests;
			packageProductDependencies = (
			);
			productName = ticklistUITests;
			productReference = 84160D0C2C8A1BF200390CA1 /* ticklistUITests.xctest */;
			productType = "com.apple.product-type.bundle.ui-testing";
		};
/* End PBXNativeTarget section */

/* Begin PBXProject section */
		84160CE82C8A1BF000390CA1 /* Project object */ = {
			isa = PBXProject;
			attributes = {
				BuildIndependentTargetsInParallel = 1;
				LastSwiftUpdateCheck = 1600;
				LastUpgradeCheck = 1600;
				TargetAttributes = {
					84160CEF2C8A1BF000390CA1 = {
						CreatedOnToolsVersion = 16.0;
					};
					84160D012C8A1BF200390CA1 = {
						CreatedOnToolsVersion = 16.0;
						TestTargetID = 84160CEF2C8A1BF000390CA1;
					};
					84160D0B2C8A1BF200390CA1 = {
						CreatedOnToolsVersion = 16.0;
						TestTargetID = 84160CEF2C8A1BF000390CA1;
					};
				};
			};
			buildConfigurationList = 84160CEB2C8A1BF000390CA1 /* Build configuration list for PBXProject "ticklist" */;
			developmentRegion = en;
			hasScannedForEncodings = 0;
			knownRegions = (
				en,
				Base,
			);
			mainGroup = 84160CE72C8A1BF000390CA1;
			minimizedProjectReferenceProxies = 1;
			preferredProjectObjectVersion = 77;
			productRefGroup = 84160CF12C8A1BF000390CA1 /* Products */;
			projectDirPath = "";
			projectRoot = "";
			targets = (
				84160CEF2C8A1BF000390CA1 /* ticklist */,
				84160D012C8A1BF200390CA1 /* ticklistTests */,
				84160D0B2C8A1BF200390CA1 /* ticklistUITests */,
			);
		};
/* End PBXProject section */

/* Begin PBXResourcesBuildPhase section */
		84160CEE2C8A1BF000390CA1 /* Resources */ = {
			isa = PBXResourcesBuildPhase;
			buildActionMask = 2147483647;
			files = (
			);
			runOnlyForDeploymentPostprocessing = 0;
		};
		84160D002C8A1BF200390CA1 /* Resources */ = {
			isa = PBXResourcesBuildPhase;
			buildActionMask = 2147483647;
			files = (
			);
			runOnlyForDeploymentPostprocessing = 0;
		};
		84160D0A2C8A1BF200390CA1 /* Resources */ = {
			isa = PBXResourcesBuildPhase;
			buildActionMask = 2147483647;
			files = (
			);
			runOnlyForDeploymentPostprocessing = 0;
		};
/* End PBXResourcesBuildPhase section */

/* Begin PBXSourcesBuildPhase section */
		84160CEC2C8A1BF000390CA1 /* Sources */ = {
			isa = PBXSourcesBuildPhase;
			buildActionMask = 2147483647;
			files = (
			);
			runOnlyForDeploymentPostprocessing = 0;
		};
		84160CFE2C8A1BF200390CA1 /* Sources */ = {
			isa = PBXSourcesBuildPhase;
			buildActionMask = 2147483647;
			files = (
			);
			runOnlyForDeploymentPostprocessing = 0;
		};
		84160D082C8A1BF200390CA1 /* Sources */ = {
			isa = PBXSourcesBuildPhase;
			buildActionMask = 2147483647;
			files = (
			);
			runOnlyForDeploymentPostprocessing = 0;
		};
/* End PBXSourcesBuildPhase section */

/* Begin PBXTargetDependency section */
		84160D042C8A1BF200390CA1 /* PBXTargetDependency */ = {
			isa = PBXTargetDependency;
			target = 84160CEF2C8A1BF000390CA1 /* ticklist */;
			targetProxy = 84160D032C8A1BF200390CA1 /* PBXContainerItemProxy */;
		};
		84160D0E2C8A1BF200390CA1 /* PBXTargetDependency */ = {
			isa = PBXTargetDependency;
			target = 84160CEF2C8A1BF000390CA1 /* ticklist */;
			targetProxy = 84160D0D2C8A1BF200390CA1 /* PBXContainerItemProxy */;
		};
/* End PBXTargetDependency section */

/* Begin XCBuildConfiguration section */
		84160D142C8A1BF200390CA1 /* Debug */ = {
			isa = XCBuildConfiguration;
			buildSettings = {
				ALWAYS_SEARCH_USER_PATHS = NO;
				ASSETCATALOG_COMPILER_GENERATE_SWIFT_ASSET_SYMBOL_EXTENSIONS = YES;
				CLANG_ANALYZER_NONNULL = YES;
				CLANG_ANALYZER_NUMBER_OBJECT_CONVERSION = YES_AGGRESSIVE;
				CLANG_CXX_LANGUAGE_STANDARD = "gnu++20";
				CLANG_ENABLE_MODULES = YES;
				CLANG_ENABLE_OBJC_ARC = YES;
				CLANG_ENABLE_OBJC_WEAK = YES;
				CLANG_WARN_BLOCK_CAPTURE_AUTORELEASING = YES;
				CLANG_WARN_BOOL_CONVERSION = YES;
				CLANG_WARN_COMMA = YES;
				CLANG_WARN_CONSTANT_CONVERSION = YES;
				CLANG_WARN_DEPRECATED_OBJC_IMPLEMENTATIONS = YES;
				CLANG_WARN_DIRECT_OBJC_ISA_USAGE = YES_ERROR;
				CLANG_WARN_DOCUMENTATION_COMMENTS = YES;
				CLANG_WARN_EMPTY_BODY = YES;
				CLANG_WARN_ENUM_CONVERSION = YES;
				CLANG_WARN_INFINITE_RECURSION = YES;
				CLANG_WARN_INT_CONVERSION = YES;
				CLANG_WARN_NON_LITERAL_NULL_CONVERSION = YES;
				CLANG_WARN_OBJC_IMPLICIT_RETAIN_SELF = YES;
				CLANG_WARN_OBJC_LITERAL_CONVERSION = YES;
				CLANG_WARN_OBJC_ROOT_CLASS = YES_ERROR;
				CLANG_WARN_QUOTED_INCLUDE_IN_FRAMEWORK_HEADER = YES;
				CLANG_WARN_RANGE_LOOP_ANALYSIS = YES;
				CLANG_WARN_STRICT_PROTOTYPES = YES;
				CLANG_WARN_SUSPICIOUS_MOVE = YES;
				CLANG_WARN_UNGUARDED_AVAILABILITY = YES_AGGRESSIVE;
				CLANG_WARN_UNREACHABLE_CODE = YES;
				CLANG_WARN__DUPLICATE_METHOD_MATCH = YES;
				COPY_PHASE_STRIP = NO;
				DEBUG_INFORMATION_FORMAT = dwarf;
				ENABLE_STRICT_OBJC_MSGSEND = YES;
				ENABLE_TESTABILITY = YES;
				ENABLE_USER_SCRIPT_SANDBOXING = YES;
				GCC_C_LANGUAGE_STANDARD = gnu17;
				GCC_DYNAMIC_NO_PIC = NO;
				GCC_NO_COMMON_BLOCKS = YES;
				GCC_OPTIMIZATION_LEVEL = 0;
				GCC_PREPROCESSOR_DEFINITIONS = (
					"DEBUG=1",
					"$(inherited)",
				);
				GCC_WARN_64_TO_32_BIT_CONVERSION = YES;
				GCC_WARN_ABOUT_RETURN_TYPE = YES_ERROR;
				GCC_WARN_UNDECLARED_SELECTOR = YES;
				GCC_WARN_UNINITIALIZED_AUTOS = YES_AGGRESSIVE;
				GCC_WARN_UNUSED_FUNCTION = YES;
				GCC_WARN_UNUSED_VARIABLE = YES;
				IPHONEOS_DEPLOYMENT_TARGET = 18.0;
				LOCALIZATION_PREFERS_STRING_CATALOGS = YES;
				MTL_ENABLE_DEBUG_INFO = INCLUDE_SOURCE;
				MTL_FAST_MATH = YES;
				ONLY_ACTIVE_ARCH = YES;
				SDKROOT = iphoneos;
				SWIFT_ACTIVE_COMPILATION_CONDITIONS = "DEBUG $(inherited)";
				SWIFT_OPTIMIZATION_LEVEL = "-Onone";
			};
			name = Debug;
		};
		84160D152C8A1BF200390CA1 /* Release */ = {
			isa = XCBuildConfiguration;
			buildSettings = {
				ALWAYS_SEARCH_USER_PATHS = NO;
				ASSETCATALOG_COMPILER_GENERATE_SWIFT_ASSET_SYMBOL_EXTENSIONS = YES;
				CLANG_ANALYZER_NONNULL = YES;
				CLANG_ANALYZER_NUMBER_OBJECT_CONVERSION = YES_AGGRESSIVE;
				CLANG_CXX_LANGUAGE_STANDARD = "gnu++20";
				CLANG_ENABLE_MODULES = YES;
				CLANG_ENABLE_OBJC_ARC = YES;
				CLANG_ENABLE_OBJC_WEAK = YES;
				CLANG_WARN_BLOCK_CAPTURE_AUTORELEASING = YES;
				CLANG_WARN_BOOL_CONVERSION = YES;
				CLANG_WARN_COMMA = YES;
				CLANG_WARN_CONSTANT_CONVERSION = YES;
				CLANG_WARN_DEPRECATED_OBJC_IMPLEMENTATIONS = YES;
				CLANG_WARN_DIRECT_OBJC_ISA_USAGE = YES_ERROR;
				CLANG_WARN_DOCUMENTATION_COMMENTS = YES;
				CLANG_WARN_EMPTY_BODY = YES;
				CLANG_WARN_ENUM_CONVERSION = YES;
				CLANG_WARN_INFINITE_RECURSION = YES;
				CLANG_WARN_INT_CONVERSION = YES;
				CLANG_WARN_NON_LITERAL_NULL_CONVERSION = YES;
				CLANG_WARN_OBJC_IMPLICIT_RETAIN_SELF = YES;
				CLANG_WARN_OBJC_LITERAL_CONVERSION = YES;
				CLANG_WARN_OBJC_ROOT_CLASS = YES_ERROR;
				CLANG_WARN_QUOTED_INCLUDE_IN_FRAMEWORK_HEADER = YES;
				CLANG_WARN_RANGE_LOOP_ANALYSIS = YES;
				CLANG_WARN_STRICT_PROTOTYPES = YES;
				CLANG_WARN_SUSPICIOUS_MOVE = YES;
				CLANG_WARN_UNGUARDED_AVAILABILITY = YES_AGGRESSIVE;
				CLANG_WARN_UNREACHABLE_CODE = YES;
				CLANG_WARN__DUPLICATE_METHOD_MATCH = YES;
				COPY_PHASE_STRIP = NO;
				DEBUG_INFORMATION_FORMAT = "dwarf-with-dsym";
				ENABLE_NS_ASSERTIONS = NO;
				ENABLE_STRICT_OBJC_MSGSEND = YES;
				ENABLE_USER_SCRIPT_SANDBOXING = YES;
				GCC_C_LANGUAGE_STANDARD = gnu17;
				GCC_NO_COMMON_BLOCKS = YES;
				GCC_WARN_64_TO_32_BIT_CONVERSION = YES;
				GCC_WARN_ABOUT_RETURN_TYPE = YES_ERROR;
				GCC_WARN_UNDECLARED_SELECTOR = YES;
				GCC_WARN_UNINITIALIZED_AUTOS = YES_AGGRESSIVE;
				GCC_WARN_UNUSED_FUNCTION = YES;
				GCC_WARN_UNUSED_VARIABLE = YES;
				IPHONEOS_DEPLOYMENT_TARGET = 18.0;
				LOCALIZATION_PREFERS_STRING_CATALOGS = YES;
				MTL_ENABLE_DEBUG_INFO = NO;
				MTL_FAST_MATH = YES;
				SDKROOT = iphoneos;
				SWIFT_COMPILATION_MODE = wholemodule;
				VALIDATE_PRODUCT = YES;
			};
			name = Release;
		};
		84160D172C8A1BF200390CA1 /* Debug */ = {
			isa = XCBuildConfiguration;
			buildSettings = {
				ASSETCATALOG_COMPILER_APPICON_NAME = AppIcon;
				ASSETCATALOG_COMPILER_GLOBAL_ACCENT_COLOR_NAME = AccentColor;
				CODE_SIGN_STYLE = Automatic;
				CURRENT_PROJECT_VERSION = 1;
				DEVELOPMENT_ASSET_PATHS = "\"ticklist/Preview Content\"";
				DEVELOPMENT_TEAM = 98J8RNY4M9;
				ENABLE_PREVIEWS = YES;
				GENERATE_INFOPLIST_FILE = YES;
				INFOPLIST_KEY_UIApplicationSceneManifest_Generation = YES;
				INFOPLIST_KEY_UIApplicationSupportsIndirectInputEvents = YES;
				INFOPLIST_KEY_UILaunchScreen_Generation = YES;
				INFOPLIST_KEY_UISupportedInterfaceOrientations_iPad = "UIInterfaceOrientationPortrait UIInterfaceOrientationPortraitUpsideDown UIInterfaceOrientationLandscapeLeft UIInterfaceOrientationLandscapeRight";
				INFOPLIST_KEY_UISupportedInterfaceOrientations_iPhone = "UIInterfaceOrientationPortrait UIInterfaceOrientationLandscapeLeft UIInterfaceOrientationLandscapeRight";
				LD_RUNPATH_SEARCH_PATHS = (
					"$(inherited)",
					"@executable_path/Frameworks",
				);
				MARKETING_VERSION = 1.0;
				PRODUCT_BUNDLE_IDENTIFIER = tbwiik.com.ticklist;
				PRODUCT_NAME = "$(TARGET_NAME)";
				SWIFT_EMIT_LOC_STRINGS = YES;
				SWIFT_VERSION = 6.0;
				TARGETED_DEVICE_FAMILY = "1,2";
			};
			name = Debug;
		};
		84160D182C8A1BF200390CA1 /* Release */ = {
			isa = XCBuildConfiguration;
			buildSettings = {
				ASSETCATALOG_COMPILER_APPICON_NAME = AppIcon;
				ASSETCATALOG_COMPILER_GLOBAL_ACCENT_COLOR_NAME = AccentColor;
				CODE_SIGN_STYLE = Automatic;
				CURRENT_PROJECT_VERSION = 1;
				DEVELOPMENT_ASSET_PATHS = "\"ticklist/Preview Content\"";
				DEVELOPMENT_TEAM = 98J8RNY4M9;
				ENABLE_PREVIEWS = YES;
				GENERATE_INFOPLIST_FILE = YES;
				INFOPLIST_KEY_UIApplicationSceneManifest_Generation = YES;
				INFOPLIST_KEY_UIApplicationSupportsIndirectInputEvents = YES;
				INFOPLIST_KEY_UILaunchScreen_Generation = YES;
				INFOPLIST_KEY_UISupportedInterfaceOrientations_iPad = "UIInterfaceOrientationPortrait UIInterfaceOrientationPortraitUpsideDown UIInterfaceOrientationLandscapeLeft UIInterfaceOrientationLandscapeRight";
				INFOPLIST_KEY_UISupportedInterfaceOrientations_iPhone = "UIInterfaceOrientationPortrait UIInterfaceOrientationLandscapeLeft UIInterfaceOrientationLandscapeRight";
				LD_RUNPATH_SEARCH_PATHS = (
					"$(inherited)",
					"@executable_path/Frameworks",
				);
				MARKETING_VERSION = 1.0;
				PRODUCT_BUNDLE_IDENTIFIER = tbwiik.com.ticklist;
				PRODUCT_NAME = "$(TARGET_NAME)";
				SWIFT_EMIT_LOC_STRINGS = YES;
				SWIFT_VERSION = 6.0;
				TARGETED_DEVICE_FAMILY = "1,2";
			};
			name = Release;
		};
		84160D1A2C8A1BF200390CA1 /* Debug */ = {
			isa = XCBuildConfiguration;
			buildSettings = {
				BUNDLE_LOADER = "$(TEST_HOST)";
				CODE_SIGN_STYLE = Automatic;
				CURRENT_PROJECT_VERSION = 1;
				GENERATE_INFOPLIST_FILE = YES;
				IPHONEOS_DEPLOYMENT_TARGET = 18.0;
				MARKETING_VERSION = 1.0;
				PRODUCT_BUNDLE_IDENTIFIER = tbwiik.com.ticklistTests;
				PRODUCT_NAME = "$(TARGET_NAME)";
				SWIFT_EMIT_LOC_STRINGS = NO;
				SWIFT_VERSION = 5.0;
				TARGETED_DEVICE_FAMILY = "1,2";
				TEST_HOST = "$(BUILT_PRODUCTS_DIR)/ticklist.app/$(BUNDLE_EXECUTABLE_FOLDER_PATH)/ticklist";
			};
			name = Debug;
		};
		84160D1B2C8A1BF200390CA1 /* Release */ = {
			isa = XCBuildConfiguration;
			buildSettings = {
				BUNDLE_LOADER = "$(TEST_HOST)";
				CODE_SIGN_STYLE = Automatic;
				CURRENT_PROJECT_VERSION = 1;
				GENERATE_INFOPLIST_FILE = YES;
				IPHONEOS_DEPLOYMENT_TARGET = 18.0;
				MARKETING_VERSION = 1.0;
				PRODUCT_BUNDLE_IDENTIFIER = tbwiik.com.ticklistTests;
				PRODUCT_NAME = "$(TARGET_NAME)";
				SWIFT_EMIT_LOC_STRINGS = NO;
				SWIFT_VERSION = 5.0;
				TARGETED_DEVICE_FAMILY = "1,2";
				TEST_HOST = "$(BUILT_PRODUCTS_DIR)/ticklist.app/$(BUNDLE_EXECUTABLE_FOLDER_PATH)/ticklist";
			};
			name = Release;
		};
		84160D1D2C8A1BF200390CA1 /* Debug */ = {
			isa = XCBuildConfiguration;
			buildSettings = {
				CODE_SIGN_STYLE = Automatic;
				CURRENT_PROJECT_VERSION = 1;
				GENERATE_INFOPLIST_FILE = YES;
				MARKETING_VERSION = 1.0;
				PRODUCT_BUNDLE_IDENTIFIER = tbwiik.com.ticklistUITests;
				PRODUCT_NAME = "$(TARGET_NAME)";
				SWIFT_EMIT_LOC_STRINGS = NO;
				SWIFT_VERSION = 5.0;
				TARGETED_DEVICE_FAMILY = "1,2";
				TEST_TARGET_NAME = ticklist;
			};
			name = Debug;
		};
		84160D1E2C8A1BF200390CA1 /* Release */ = {
			isa = XCBuildConfiguration;
			buildSettings = {
				CODE_SIGN_STYLE = Automatic;
				CURRENT_PROJECT_VERSION = 1;
				GENERATE_INFOPLIST_FILE = YES;
				MARKETING_VERSION = 1.0;
				PRODUCT_BUNDLE_IDENTIFIER = tbwiik.com.ticklistUITests;
				PRODUCT_NAME = "$(TARGET_NAME)";
				SWIFT_EMIT_LOC_STRINGS = NO;
				SWIFT_VERSION = 5.0;
				TARGETED_DEVICE_FAMILY = "1,2";
				TEST_TARGET_NAME = ticklist;
			};
			name = Release;
		};
/* End XCBuildConfiguration section */

/* Begin XCConfigurationList section */
		84160CEB2C8A1BF000390CA1 /* Build configuration list for PBXProject "ticklist" */ = {
			isa = XCConfigurationList;
			buildConfigurations = (
				84160D142C8A1BF200390CA1 /* Debug */,
				84160D152C8A1BF200390CA1 /* Release */,
			);
			defaultConfigurationIsVisible = 0;
			defaultConfigurationName = Release;
		};
		84160D162C8A1BF200390CA1 /* Build configuration list for PBXNativeTarget "ticklist" */ = {
			isa = XCConfigurationList;
			buildConfigurations = (
				84160D172C8A1BF200390CA1 /* Debug */,
				84160D182C8A1BF200390CA1 /* Release */,
			);
			defaultConfigurationIsVisible = 0;
			defaultConfigurationName = Release;
		};
		84160D192C8A1BF200390CA1 /* Build configuration list for PBXNativeTarget "ticklistTests" */ = {
			isa = XCConfigurationList;
			buildConfigurations = (
				84160D1A2C8A1BF200390CA1 /* Debug */,
				84160D1B2C8A1BF200390CA1 /* Release */,
			);
			defaultConfigurationIsVisible = 0;
			defaultConfigurationName = Release;
		};
		84160D1C2C8A1BF200390CA1 /* Build configuration list for PBXNativeTarget "ticklistUITests" */ = {
			isa = XCConfigurationList;
			buildConfigurations = (
				84160D1D2C8A1BF200390CA1 /* Debug */,
				84160D1E2C8A1BF200390CA1 /* Release */,
			);
			defaultConfigurationIsVisible = 0;
			defaultConfigurationName = Release;
		};
/* End XCConfigurationList section */
	};
	rootObject = 84160CE82C8A1BF000390CA1 /* Project object */;
}
